// !$*UTF8*$!
{
	archiveVersion = 1;
	classes = {
	};
	objectVersion = 56;
	objects = {

/* Begin PBXBuildFile section */
		A28292952C9606950053E0C3 /* bike_cockpitApp.swift in Sources */ = {isa = PBXBuildFile; fileRef = A28292942C9606950053E0C3 /* bike_cockpitApp.swift */; };
		A28292992C9606960053E0C3 /* Assets.xcassets in Resources */ = {isa = PBXBuildFile; fileRef = A28292982C9606960053E0C3 /* Assets.xcassets */; };
		A282929C2C9606960053E0C3 /* Preview Assets.xcassets in Resources */ = {isa = PBXBuildFile; fileRef = A282929B2C9606960053E0C3 /* Preview Assets.xcassets */; };
		A28292A62C9606960053E0C3 /* bike_cockpitTests.swift in Sources */ = {isa = PBXBuildFile; fileRef = A28292A52C9606960053E0C3 /* bike_cockpitTests.swift */; };
		A28292B02C9606960053E0C3 /* bike_cockpitUITests.swift in Sources */ = {isa = PBXBuildFile; fileRef = A28292AF2C9606960053E0C3 /* bike_cockpitUITests.swift */; };
		A28292B22C9606960053E0C3 /* bike_cockpitUITestsLaunchTests.swift in Sources */ = {isa = PBXBuildFile; fileRef = A28292B12C9606960053E0C3 /* bike_cockpitUITestsLaunchTests.swift */; };
		A28292C72C96E6BA0053E0C3 /* SpeedManager.swift in Sources */ = {isa = PBXBuildFile; fileRef = A28292C62C96E6BA0053E0C3 /* SpeedManager.swift */; };
		A28292C92C96E9240053E0C3 /* DateTimeManager.swift in Sources */ = {isa = PBXBuildFile; fileRef = A28292C82C96E9240053E0C3 /* DateTimeManager.swift */; };
		A28292CB2C96E9570053E0C3 /* SpeedCircleView.swift in Sources */ = {isa = PBXBuildFile; fileRef = A28292CA2C96E9570053E0C3 /* SpeedCircleView.swift */; };
		A28292CD2C96E9880053E0C3 /* BottomControlsView.swift in Sources */ = {isa = PBXBuildFile; fileRef = A28292CC2C96E9880053E0C3 /* BottomControlsView.swift */; };
		A28292CF2C96EA4A0053E0C3 /* BikeCockpitView.swift in Sources */ = {isa = PBXBuildFile; fileRef = A28292CE2C96EA4A0053E0C3 /* BikeCockpitView.swift */; };
		A28292D12C96F15F0053E0C3 /* SettingsView.swift in Sources */ = {isa = PBXBuildFile; fileRef = A28292D02C96F15F0053E0C3 /* SettingsView.swift */; };
		A28292D42C96F6CD0053E0C3 /* ColorExtension.swift in Sources */ = {isa = PBXBuildFile; fileRef = A28292D32C96F6CD0053E0C3 /* ColorExtension.swift */; };
/* End PBXBuildFile section */

/* Begin PBXContainerItemProxy section */
		A28292A22C9606960053E0C3 /* PBXContainerItemProxy */ = {
			isa = PBXContainerItemProxy;
			containerPortal = A28292892C9606950053E0C3 /* Project object */;
			proxyType = 1;
			remoteGlobalIDString = A28292902C9606950053E0C3;
			remoteInfo = bike_cockpit;
		};
		A28292AC2C9606960053E0C3 /* PBXContainerItemProxy */ = {
			isa = PBXContainerItemProxy;
			containerPortal = A28292892C9606950053E0C3 /* Project object */;
			proxyType = 1;
			remoteGlobalIDString = A28292902C9606950053E0C3;
			remoteInfo = bike_cockpit;
		};
/* End PBXContainerItemProxy section */

/* Begin PBXFileReference section */
		A28292912C9606950053E0C3 /* bike_cockpit.app */ = {isa = PBXFileReference; explicitFileType = wrapper.application; includeInIndex = 0; path = bike_cockpit.app; sourceTree = BUILT_PRODUCTS_DIR; };
		A28292942C9606950053E0C3 /* bike_cockpitApp.swift */ = {isa = PBXFileReference; lastKnownFileType = sourcecode.swift; path = bike_cockpitApp.swift; sourceTree = "<group>"; };
		A28292982C9606960053E0C3 /* Assets.xcassets */ = {isa = PBXFileReference; lastKnownFileType = folder.assetcatalog; path = Assets.xcassets; sourceTree = "<group>"; };
		A282929B2C9606960053E0C3 /* Preview Assets.xcassets */ = {isa = PBXFileReference; lastKnownFileType = folder.assetcatalog; path = "Preview Assets.xcassets"; sourceTree = "<group>"; };
		A28292A12C9606960053E0C3 /* bike_cockpitTests.xctest */ = {isa = PBXFileReference; explicitFileType = wrapper.cfbundle; includeInIndex = 0; path = bike_cockpitTests.xctest; sourceTree = BUILT_PRODUCTS_DIR; };
		A28292A52C9606960053E0C3 /* bike_cockpitTests.swift */ = {isa = PBXFileReference; lastKnownFileType = sourcecode.swift; path = bike_cockpitTests.swift; sourceTree = "<group>"; };
		A28292AB2C9606960053E0C3 /* bike_cockpitUITests.xctest */ = {isa = PBXFileReference; explicitFileType = wrapper.cfbundle; includeInIndex = 0; path = bike_cockpitUITests.xctest; sourceTree = BUILT_PRODUCTS_DIR; };
		A28292AF2C9606960053E0C3 /* bike_cockpitUITests.swift */ = {isa = PBXFileReference; lastKnownFileType = sourcecode.swift; path = bike_cockpitUITests.swift; sourceTree = "<group>"; };
		A28292B12C9606960053E0C3 /* bike_cockpitUITestsLaunchTests.swift */ = {isa = PBXFileReference; lastKnownFileType = sourcecode.swift; path = bike_cockpitUITestsLaunchTests.swift; sourceTree = "<group>"; };
		A28292BE2C96438E0053E0C3 /* bike-cockpit-Info.plist */ = {isa = PBXFileReference; lastKnownFileType = text.plist; path = "bike-cockpit-Info.plist"; sourceTree = SOURCE_ROOT; };
		A28292C62C96E6BA0053E0C3 /* SpeedManager.swift */ = {isa = PBXFileReference; lastKnownFileType = sourcecode.swift; path = SpeedManager.swift; sourceTree = "<group>"; };
		A28292C82C96E9240053E0C3 /* DateTimeManager.swift */ = {isa = PBXFileReference; lastKnownFileType = sourcecode.swift; path = DateTimeManager.swift; sourceTree = "<group>"; };
		A28292CA2C96E9570053E0C3 /* SpeedCircleView.swift */ = {isa = PBXFileReference; lastKnownFileType = sourcecode.swift; path = SpeedCircleView.swift; sourceTree = "<group>"; };
		A28292CC2C96E9880053E0C3 /* BottomControlsView.swift */ = {isa = PBXFileReference; lastKnownFileType = sourcecode.swift; path = BottomControlsView.swift; sourceTree = "<group>"; };
		A28292CE2C96EA4A0053E0C3 /* BikeCockpitView.swift */ = {isa = PBXFileReference; lastKnownFileType = sourcecode.swift; path = BikeCockpitView.swift; sourceTree = "<group>"; };
		A28292D02C96F15F0053E0C3 /* SettingsView.swift */ = {isa = PBXFileReference; lastKnownFileType = sourcecode.swift; path = SettingsView.swift; sourceTree = "<group>"; };
		A28292D32C96F6CD0053E0C3 /* ColorExtension.swift */ = {isa = PBXFileReference; lastKnownFileType = sourcecode.swift; path = ColorExtension.swift; sourceTree = "<group>"; };
/* End PBXFileReference section */

/* Begin PBXFrameworksBuildPhase section */
		A282928E2C9606950053E0C3 /* Frameworks */ = {
			isa = PBXFrameworksBuildPhase;
			buildActionMask = 2147483647;
			files = (
			);
			runOnlyForDeploymentPostprocessing = 0;
		};
		A282929E2C9606960053E0C3 /* Frameworks */ = {
			isa = PBXFrameworksBuildPhase;
			buildActionMask = 2147483647;
			files = (
			);
			runOnlyForDeploymentPostprocessing = 0;
		};
		A28292A82C9606960053E0C3 /* Frameworks */ = {
			isa = PBXFrameworksBuildPhase;
			buildActionMask = 2147483647;
			files = (
			);
			runOnlyForDeploymentPostprocessing = 0;
		};
/* End PBXFrameworksBuildPhase section */

/* Begin PBXGroup section */
		A28292882C9606950053E0C3 = {
			isa = PBXGroup;
			children = (
				A28292932C9606950053E0C3 /* bike_cockpit */,
				A28292A42C9606960053E0C3 /* bike_cockpitTests */,
				A28292AE2C9606960053E0C3 /* bike_cockpitUITests */,
				A28292922C9606950053E0C3 /* Products */,
			);
			sourceTree = "<group>";
		};
		A28292922C9606950053E0C3 /* Products */ = {
			isa = PBXGroup;
			children = (
				A28292912C9606950053E0C3 /* bike_cockpit.app */,
				A28292A12C9606960053E0C3 /* bike_cockpitTests.xctest */,
				A28292AB2C9606960053E0C3 /* bike_cockpitUITests.xctest */,
			);
			name = Products;
			sourceTree = "<group>";
		};
		A28292932C9606950053E0C3 /* bike_cockpit */ = {
			isa = PBXGroup;
			children = (
				A28292D22C96F6BC0053E0C3 /* Utility */,
				A28292C32C96E61B0053E0C3 /* Managers */,
				A28292C22C96E6140053E0C3 /* Views */,
				A28292BE2C96438E0053E0C3 /* bike-cockpit-Info.plist */,
				A28292942C9606950053E0C3 /* bike_cockpitApp.swift */,
				A28292982C9606960053E0C3 /* Assets.xcassets */,
				A282929A2C9606960053E0C3 /* Preview Content */,
			);
			path = bike_cockpit;
			sourceTree = "<group>";
		};
		A282929A2C9606960053E0C3 /* Preview Content */ = {
			isa = PBXGroup;
			children = (
				A282929B2C9606960053E0C3 /* Preview Assets.xcassets */,
			);
			path = "Preview Content";
			sourceTree = "<group>";
		};
		A28292A42C9606960053E0C3 /* bike_cockpitTests */ = {
			isa = PBXGroup;
			children = (
				A28292A52C9606960053E0C3 /* bike_cockpitTests.swift */,
			);
			path = bike_cockpitTests;
			sourceTree = "<group>";
		};
		A28292AE2C9606960053E0C3 /* bike_cockpitUITests */ = {
			isa = PBXGroup;
			children = (
				A28292AF2C9606960053E0C3 /* bike_cockpitUITests.swift */,
				A28292B12C9606960053E0C3 /* bike_cockpitUITestsLaunchTests.swift */,
			);
			path = bike_cockpitUITests;
			sourceTree = "<group>";
		};
		A28292C22C96E6140053E0C3 /* Views */ = {
			isa = PBXGroup;
			children = (
				A28292CA2C96E9570053E0C3 /* SpeedCircleView.swift */,
				A28292CC2C96E9880053E0C3 /* BottomControlsView.swift */,
				A28292CE2C96EA4A0053E0C3 /* BikeCockpitView.swift */,
				A28292D02C96F15F0053E0C3 /* SettingsView.swift */,
			);
			path = Views;
			sourceTree = "<group>";
		};
		A28292C32C96E61B0053E0C3 /* Managers */ = {
			isa = PBXGroup;
			children = (
				A28292C62C96E6BA0053E0C3 /* SpeedManager.swift */,
				A28292C82C96E9240053E0C3 /* DateTimeManager.swift */,
			);
			path = Managers;
			sourceTree = "<group>";
		};
		A28292D22C96F6BC0053E0C3 /* Utility */ = {
			isa = PBXGroup;
			children = (
				A28292D32C96F6CD0053E0C3 /* ColorExtension.swift */,
			);
			path = Utility;
			sourceTree = "<group>";
		};
/* End PBXGroup section */

/* Begin PBXNativeTarget section */
		A28292902C9606950053E0C3 /* bike_cockpit */ = {
			isa = PBXNativeTarget;
			buildConfigurationList = A28292B52C9606960053E0C3 /* Build configuration list for PBXNativeTarget "bike_cockpit" */;
			buildPhases = (
				A282928D2C9606950053E0C3 /* Sources */,
				A282928E2C9606950053E0C3 /* Frameworks */,
				A282928F2C9606950053E0C3 /* Resources */,
			);
			buildRules = (
			);
			dependencies = (
			);
			name = bike_cockpit;
			productName = bike_cockpit;
			productReference = A28292912C9606950053E0C3 /* bike_cockpit.app */;
			productType = "com.apple.product-type.application";
		};
		A28292A02C9606960053E0C3 /* bike_cockpitTests */ = {
			isa = PBXNativeTarget;
			buildConfigurationList = A28292B82C9606960053E0C3 /* Build configuration list for PBXNativeTarget "bike_cockpitTests" */;
			buildPhases = (
				A282929D2C9606960053E0C3 /* Sources */,
				A282929E2C9606960053E0C3 /* Frameworks */,
				A282929F2C9606960053E0C3 /* Resources */,
			);
			buildRules = (
			);
			dependencies = (
				A28292A32C9606960053E0C3 /* PBXTargetDependency */,
			);
			name = bike_cockpitTests;
			productName = bike_cockpitTests;
			productReference = A28292A12C9606960053E0C3 /* bike_cockpitTests.xctest */;
			productType = "com.apple.product-type.bundle.unit-test";
		};
		A28292AA2C9606960053E0C3 /* bike_cockpitUITests */ = {
			isa = PBXNativeTarget;
			buildConfigurationList = A28292BB2C9606960053E0C3 /* Build configuration list for PBXNativeTarget "bike_cockpitUITests" */;
			buildPhases = (
				A28292A72C9606960053E0C3 /* Sources */,
				A28292A82C9606960053E0C3 /* Frameworks */,
				A28292A92C9606960053E0C3 /* Resources */,
			);
			buildRules = (
			);
			dependencies = (
				A28292AD2C9606960053E0C3 /* PBXTargetDependency */,
			);
			name = bike_cockpitUITests;
			productName = bike_cockpitUITests;
			productReference = A28292AB2C9606960053E0C3 /* bike_cockpitUITests.xctest */;
			productType = "com.apple.product-type.bundle.ui-testing";
		};
/* End PBXNativeTarget section */

/* Begin PBXProject section */
		A28292892C9606950053E0C3 /* Project object */ = {
			isa = PBXProject;
			attributes = {
				BuildIndependentTargetsInParallel = 1;
				LastSwiftUpdateCheck = 1540;
				LastUpgradeCheck = 1540;
				TargetAttributes = {
					A28292902C9606950053E0C3 = {
						CreatedOnToolsVersion = 15.4;
					};
					A28292A02C9606960053E0C3 = {
						CreatedOnToolsVersion = 15.4;
						TestTargetID = A28292902C9606950053E0C3;
					};
					A28292AA2C9606960053E0C3 = {
						CreatedOnToolsVersion = 15.4;
						TestTargetID = A28292902C9606950053E0C3;
					};
				};
			};
			buildConfigurationList = A282928C2C9606950053E0C3 /* Build configuration list for PBXProject "bike_cockpit" */;
			compatibilityVersion = "Xcode 14.0";
			developmentRegion = en;
			hasScannedForEncodings = 0;
			knownRegions = (
				en,
				Base,
				fr,
			);
			mainGroup = A28292882C9606950053E0C3;
			productRefGroup = A28292922C9606950053E0C3 /* Products */;
			projectDirPath = "";
			projectRoot = "";
			targets = (
				A28292902C9606950053E0C3 /* bike_cockpit */,
				A28292A02C9606960053E0C3 /* bike_cockpitTests */,
				A28292AA2C9606960053E0C3 /* bike_cockpitUITests */,
			);
		};
/* End PBXProject section */

/* Begin PBXResourcesBuildPhase section */
		A282928F2C9606950053E0C3 /* Resources */ = {
			isa = PBXResourcesBuildPhase;
			buildActionMask = 2147483647;
			files = (
				A282929C2C9606960053E0C3 /* Preview Assets.xcassets in Resources */,
				A28292992C9606960053E0C3 /* Assets.xcassets in Resources */,
			);
			runOnlyForDeploymentPostprocessing = 0;
		};
		A282929F2C9606960053E0C3 /* Resources */ = {
			isa = PBXResourcesBuildPhase;
			buildActionMask = 2147483647;
			files = (
			);
			runOnlyForDeploymentPostprocessing = 0;
		};
		A28292A92C9606960053E0C3 /* Resources */ = {
			isa = PBXResourcesBuildPhase;
			buildActionMask = 2147483647;
			files = (
			);
			runOnlyForDeploymentPostprocessing = 0;
		};
/* End PBXResourcesBuildPhase section */

/* Begin PBXSourcesBuildPhase section */
		A282928D2C9606950053E0C3 /* Sources */ = {
			isa = PBXSourcesBuildPhase;
			buildActionMask = 2147483647;
			files = (
				A28292D12C96F15F0053E0C3 /* SettingsView.swift in Sources */,
				A28292CD2C96E9880053E0C3 /* BottomControlsView.swift in Sources */,
				A28292CF2C96EA4A0053E0C3 /* BikeCockpitView.swift in Sources */,
				A28292D42C96F6CD0053E0C3 /* ColorExtension.swift in Sources */,
				A28292CB2C96E9570053E0C3 /* SpeedCircleView.swift in Sources */,
				A28292C72C96E6BA0053E0C3 /* SpeedManager.swift in Sources */,
				A28292952C9606950053E0C3 /* bike_cockpitApp.swift in Sources */,
				A28292C92C96E9240053E0C3 /* DateTimeManager.swift in Sources */,
			);
			runOnlyForDeploymentPostprocessing = 0;
		};
		A282929D2C9606960053E0C3 /* Sources */ = {
			isa = PBXSourcesBuildPhase;
			buildActionMask = 2147483647;
			files = (
				A28292A62C9606960053E0C3 /* bike_cockpitTests.swift in Sources */,
			);
			runOnlyForDeploymentPostprocessing = 0;
		};
		A28292A72C9606960053E0C3 /* Sources */ = {
			isa = PBXSourcesBuildPhase;
			buildActionMask = 2147483647;
			files = (
				A28292B02C9606960053E0C3 /* bike_cockpitUITests.swift in Sources */,
				A28292B22C9606960053E0C3 /* bike_cockpitUITestsLaunchTests.swift in Sources */,
			);
			runOnlyForDeploymentPostprocessing = 0;
		};
/* End PBXSourcesBuildPhase section */

/* Begin PBXTargetDependency section */
		A28292A32C9606960053E0C3 /* PBXTargetDependency */ = {
			isa = PBXTargetDependency;
			target = A28292902C9606950053E0C3 /* bike_cockpit */;
			targetProxy = A28292A22C9606960053E0C3 /* PBXContainerItemProxy */;
		};
		A28292AD2C9606960053E0C3 /* PBXTargetDependency */ = {
			isa = PBXTargetDependency;
			target = A28292902C9606950053E0C3 /* bike_cockpit */;
			targetProxy = A28292AC2C9606960053E0C3 /* PBXContainerItemProxy */;
		};
/* End PBXTargetDependency section */

/* Begin XCBuildConfiguration section */
		A28292B32C9606960053E0C3 /* Debug */ = {
			isa = XCBuildConfiguration;
			buildSettings = {
				ALWAYS_SEARCH_USER_PATHS = NO;
				ASSETCATALOG_COMPILER_GENERATE_SWIFT_ASSET_SYMBOL_EXTENSIONS = YES;
				CLANG_ANALYZER_NONNULL = YES;
				CLANG_ANALYZER_NUMBER_OBJECT_CONVERSION = YES_AGGRESSIVE;
				CLANG_CXX_LANGUAGE_STANDARD = "gnu++20";
				CLANG_ENABLE_MODULES = YES;
				CLANG_ENABLE_OBJC_ARC = YES;
				CLANG_ENABLE_OBJC_WEAK = YES;
				CLANG_WARN_BLOCK_CAPTURE_AUTORELEASING = YES;
				CLANG_WARN_BOOL_CONVERSION = YES;
				CLANG_WARN_COMMA = YES;
				CLANG_WARN_CONSTANT_CONVERSION = YES;
				CLANG_WARN_DEPRECATED_OBJC_IMPLEMENTATIONS = YES;
				CLANG_WARN_DIRECT_OBJC_ISA_USAGE = YES_ERROR;
				CLANG_WARN_DOCUMENTATION_COMMENTS = YES;
				CLANG_WARN_EMPTY_BODY = YES;
				CLANG_WARN_ENUM_CONVERSION = YES;
				CLANG_WARN_INFINITE_RECURSION = YES;
				CLANG_WARN_INT_CONVERSION = YES;
				CLANG_WARN_NON_LITERAL_NULL_CONVERSION = YES;
				CLANG_WARN_OBJC_IMPLICIT_RETAIN_SELF = YES;
				CLANG_WARN_OBJC_LITERAL_CONVERSION = YES;
				CLANG_WARN_OBJC_ROOT_CLASS = YES_ERROR;
				CLANG_WARN_QUOTED_INCLUDE_IN_FRAMEWORK_HEADER = YES;
				CLANG_WARN_RANGE_LOOP_ANALYSIS = YES;
				CLANG_WARN_STRICT_PROTOTYPES = YES;
				CLANG_WARN_SUSPICIOUS_MOVE = YES;
				CLANG_WARN_UNGUARDED_AVAILABILITY = YES_AGGRESSIVE;
				CLANG_WARN_UNREACHABLE_CODE = YES;
				CLANG_WARN__DUPLICATE_METHOD_MATCH = YES;
				COPY_PHASE_STRIP = NO;
				DEBUG_INFORMATION_FORMAT = dwarf;
				ENABLE_STRICT_OBJC_MSGSEND = YES;
				ENABLE_TESTABILITY = YES;
				ENABLE_USER_SCRIPT_SANDBOXING = YES;
				GCC_C_LANGUAGE_STANDARD = gnu17;
				GCC_DYNAMIC_NO_PIC = NO;
				GCC_NO_COMMON_BLOCKS = YES;
				GCC_OPTIMIZATION_LEVEL = 0;
				GCC_PREPROCESSOR_DEFINITIONS = (
					"DEBUG=1",
					"$(inherited)",
				);
				GCC_WARN_64_TO_32_BIT_CONVERSION = YES;
				GCC_WARN_ABOUT_RETURN_TYPE = YES_ERROR;
				GCC_WARN_UNDECLARED_SELECTOR = YES;
				GCC_WARN_UNINITIALIZED_AUTOS = YES_AGGRESSIVE;
				GCC_WARN_UNUSED_FUNCTION = YES;
				GCC_WARN_UNUSED_VARIABLE = YES;
				IPHONEOS_DEPLOYMENT_TARGET = 17.5;
				LOCALIZATION_PREFERS_STRING_CATALOGS = YES;
				MTL_ENABLE_DEBUG_INFO = INCLUDE_SOURCE;
				MTL_FAST_MATH = YES;
				ONLY_ACTIVE_ARCH = YES;
				SDKROOT = iphoneos;
				SWIFT_ACTIVE_COMPILATION_CONDITIONS = "DEBUG $(inherited)";
				SWIFT_OPTIMIZATION_LEVEL = "-Onone";
			};
			name = Debug;
		};
		A28292B42C9606960053E0C3 /* Release */ = {
			isa = XCBuildConfiguration;
			buildSettings = {
				ALWAYS_SEARCH_USER_PATHS = NO;
				ASSETCATALOG_COMPILER_GENERATE_SWIFT_ASSET_SYMBOL_EXTENSIONS = YES;
				CLANG_ANALYZER_NONNULL = YES;
				CLANG_ANALYZER_NUMBER_OBJECT_CONVERSION = YES_AGGRESSIVE;
				CLANG_CXX_LANGUAGE_STANDARD = "gnu++20";
				CLANG_ENABLE_MODULES = YES;
				CLANG_ENABLE_OBJC_ARC = YES;
				CLANG_ENABLE_OBJC_WEAK = YES;
				CLANG_WARN_BLOCK_CAPTURE_AUTORELEASING = YES;
				CLANG_WARN_BOOL_CONVERSION = YES;
				CLANG_WARN_COMMA = YES;
				CLANG_WARN_CONSTANT_CONVERSION = YES;
				CLANG_WARN_DEPRECATED_OBJC_IMPLEMENTATIONS = YES;
				CLANG_WARN_DIRECT_OBJC_ISA_USAGE = YES_ERROR;
				CLANG_WARN_DOCUMENTATION_COMMENTS = YES;
				CLANG_WARN_EMPTY_BODY = YES;
				CLANG_WARN_ENUM_CONVERSION = YES;
				CLANG_WARN_INFINITE_RECURSION = YES;
				CLANG_WARN_INT_CONVERSION = YES;
				CLANG_WARN_NON_LITERAL_NULL_CONVERSION = YES;
				CLANG_WARN_OBJC_IMPLICIT_RETAIN_SELF = YES;
				CLANG_WARN_OBJC_LITERAL_CONVERSION = YES;
				CLANG_WARN_OBJC_ROOT_CLASS = YES_ERROR;
				CLANG_WARN_QUOTED_INCLUDE_IN_FRAMEWORK_HEADER = YES;
				CLANG_WARN_RANGE_LOOP_ANALYSIS = YES;
				CLANG_WARN_STRICT_PROTOTYPES = YES;
				CLANG_WARN_SUSPICIOUS_MOVE = YES;
				CLANG_WARN_UNGUARDED_AVAILABILITY = YES_AGGRESSIVE;
				CLANG_WARN_UNREACHABLE_CODE = YES;
				CLANG_WARN__DUPLICATE_METHOD_MATCH = YES;
				COPY_PHASE_STRIP = NO;
				DEBUG_INFORMATION_FORMAT = "dwarf-with-dsym";
				ENABLE_NS_ASSERTIONS = NO;
				ENABLE_STRICT_OBJC_MSGSEND = YES;
				ENABLE_USER_SCRIPT_SANDBOXING = YES;
				GCC_C_LANGUAGE_STANDARD = gnu17;
				GCC_NO_COMMON_BLOCKS = YES;
				GCC_WARN_64_TO_32_BIT_CONVERSION = YES;
				GCC_WARN_ABOUT_RETURN_TYPE = YES_ERROR;
				GCC_WARN_UNDECLARED_SELECTOR = YES;
				GCC_WARN_UNINITIALIZED_AUTOS = YES_AGGRESSIVE;
				GCC_WARN_UNUSED_FUNCTION = YES;
				GCC_WARN_UNUSED_VARIABLE = YES;
				IPHONEOS_DEPLOYMENT_TARGET = 17.5;
				LOCALIZATION_PREFERS_STRING_CATALOGS = YES;
				MTL_ENABLE_DEBUG_INFO = NO;
				MTL_FAST_MATH = YES;
				SDKROOT = iphoneos;
				SWIFT_COMPILATION_MODE = wholemodule;
				VALIDATE_PRODUCT = YES;
			};
			name = Release;
		};
		A28292B62C9606960053E0C3 /* Debug */ = {
			isa = XCBuildConfiguration;
			buildSettings = {
				ASSETCATALOG_COMPILER_APPICON_NAME = AppIcon;
				ASSETCATALOG_COMPILER_GLOBAL_ACCENT_COLOR_NAME = AccentColor;
				ASSETCATALOG_COMPILER_INCLUDE_ALL_APPICON_ASSETS = NO;
				CODE_SIGN_STYLE = Automatic;
				CURRENT_PROJECT_VERSION = 1;
				DEVELOPMENT_ASSET_PATHS = "\"bike_cockpit/Preview Content\"";
				DEVELOPMENT_TEAM = 8C3K5WWUKU;
				ENABLE_PREVIEWS = YES;
				GENERATE_INFOPLIST_FILE = YES;
				INFOPLIST_FILE = "bike-cockpit-Info.plist";
				INFOPLIST_KEY_LSApplicationCategoryType = "public.app-category.sports";
				INFOPLIST_KEY_UIApplicationSceneManifest_Generation = YES;
				INFOPLIST_KEY_UIApplicationSupportsIndirectInputEvents = YES;
				INFOPLIST_KEY_UILaunchScreen_Generation = YES;
				INFOPLIST_KEY_UILaunchStoryboardName = "";
				INFOPLIST_KEY_UISupportedInterfaceOrientations_iPad = "UIInterfaceOrientationPortrait UIInterfaceOrientationPortraitUpsideDown UIInterfaceOrientationLandscapeLeft UIInterfaceOrientationLandscapeRight";
				INFOPLIST_KEY_UISupportedInterfaceOrientations_iPhone = "UIInterfaceOrientationPortrait UIInterfaceOrientationLandscapeLeft UIInterfaceOrientationLandscapeRight";
				LD_RUNPATH_SEARCH_PATHS = (
					"$(inherited)",
					"@executable_path/Frameworks",
				);
				MARKETING_VERSION = 1.0;
				PRODUCT_BUNDLE_IDENTIFIER = "quintus.bike-cockpit";
				PRODUCT_NAME = "$(TARGET_NAME)";
				SWIFT_EMIT_LOC_STRINGS = YES;
				SWIFT_VERSION = 5.0;
				TARGETED_DEVICE_FAMILY = "1,2";
			};
			name = Debug;
		};
		A28292B72C9606960053E0C3 /* Release */ = {
			isa = XCBuildConfiguration;
			buildSettings = {
				ASSETCATALOG_COMPILER_APPICON_NAME = AppIcon;
				ASSETCATALOG_COMPILER_GLOBAL_ACCENT_COLOR_NAME = AccentColor;
				ASSETCATALOG_COMPILER_INCLUDE_ALL_APPICON_ASSETS = NO;
				CODE_SIGN_STYLE = Automatic;
				CURRENT_PROJECT_VERSION = 1;
				DEVELOPMENT_ASSET_PATHS = "\"bike_cockpit/Preview Content\"";
				DEVELOPMENT_TEAM = 8C3K5WWUKU;
				ENABLE_PREVIEWS = YES;
				GENERATE_INFOPLIST_FILE = YES;
				INFOPLIST_FILE = "bike-cockpit-Info.plist";
				INFOPLIST_KEY_LSApplicationCategoryType = "public.app-category.sports";
				INFOPLIST_KEY_UIApplicationSceneManifest_Generation = YES;
				INFOPLIST_KEY_UIApplicationSupportsIndirectInputEvents = YES;
				INFOPLIST_KEY_UILaunchScreen_Generation = YES;
				INFOPLIST_KEY_UILaunchStoryboardName = "";
				INFOPLIST_KEY_UISupportedInterfaceOrientations_iPad = "UIInterfaceOrientationPortrait UIInterfaceOrientationPortraitUpsideDown UIInterfaceOrientationLandscapeLeft UIInterfaceOrientationLandscapeRight";
				INFOPLIST_KEY_UISupportedInterfaceOrientations_iPhone = "UIInterfaceOrientationPortrait UIInterfaceOrientationLandscapeLeft UIInterfaceOrientationLandscapeRight";
				LD_RUNPATH_SEARCH_PATHS = (
					"$(inherited)",
					"@executable_path/Frameworks",
				);
				MARKETING_VERSION = 1.0;
				PRODUCT_BUNDLE_IDENTIFIER = "quintus.bike-cockpit";
				PRODUCT_NAME = "$(TARGET_NAME)";
				SWIFT_EMIT_LOC_STRINGS = YES;
				SWIFT_VERSION = 5.0;
				TARGETED_DEVICE_FAMILY = "1,2";
			};
			name = Release;
		};
		A28292B92C9606960053E0C3 /* Debug */ = {
			isa = XCBuildConfiguration;
			buildSettings = {
				ALWAYS_EMBED_SWIFT_STANDARD_LIBRARIES = YES;
				BUNDLE_LOADER = "$(TEST_HOST)";
				CODE_SIGN_STYLE = Automatic;
				CURRENT_PROJECT_VERSION = 1;
				GENERATE_INFOPLIST_FILE = YES;
				IPHONEOS_DEPLOYMENT_TARGET = 17.5;
				MARKETING_VERSION = 1.0;
				PRODUCT_BUNDLE_IDENTIFIER = "quintus.bike-cockpitTests";
				PRODUCT_NAME = "$(TARGET_NAME)";
				SWIFT_EMIT_LOC_STRINGS = NO;
				SWIFT_VERSION = 5.0;
				TARGETED_DEVICE_FAMILY = "1,2";
				TEST_HOST = "$(BUILT_PRODUCTS_DIR)/bike_cockpit.app/$(BUNDLE_EXECUTABLE_FOLDER_PATH)/bike_cockpit";
			};
			name = Debug;
		};
		A28292BA2C9606960053E0C3 /* Release */ = {
			isa = XCBuildConfiguration;
			buildSettings = {
				ALWAYS_EMBED_SWIFT_STANDARD_LIBRARIES = YES;
				BUNDLE_LOADER = "$(TEST_HOST)";
				CODE_SIGN_STYLE = Automatic;
				CURRENT_PROJECT_VERSION = 1;
				GENERATE_INFOPLIST_FILE = YES;
				IPHONEOS_DEPLOYMENT_TARGET = 17.5;
				MARKETING_VERSION = 1.0;
				PRODUCT_BUNDLE_IDENTIFIER = "quintus.bike-cockpitTests";
				PRODUCT_NAME = "$(TARGET_NAME)";
				SWIFT_EMIT_LOC_STRINGS = NO;
				SWIFT_VERSION = 5.0;
				TARGETED_DEVICE_FAMILY = "1,2";
				TEST_HOST = "$(BUILT_PRODUCTS_DIR)/bike_cockpit.app/$(BUNDLE_EXECUTABLE_FOLDER_PATH)/bike_cockpit";
			};
			name = Release;
		};
		A28292BC2C9606960053E0C3 /* Debug */ = {
			isa = XCBuildConfiguration;
			buildSettings = {
				ALWAYS_EMBED_SWIFT_STANDARD_LIBRARIES = YES;
				CODE_SIGN_STYLE = Automatic;
				CURRENT_PROJECT_VERSION = 1;
				GENERATE_INFOPLIST_FILE = YES;
				MARKETING_VERSION = 1.0;
				PRODUCT_BUNDLE_IDENTIFIER = "quintus.bike-cockpitUITests";
				PRODUCT_NAME = "$(TARGET_NAME)";
				SWIFT_EMIT_LOC_STRINGS = NO;
				SWIFT_VERSION = 5.0;
				TARGETED_DEVICE_FAMILY = "1,2";
				TEST_TARGET_NAME = bike_cockpit;
			};
			name = Debug;
		};
		A28292BD2C9606960053E0C3 /* Release */ = {
			isa = XCBuildConfiguration;
			buildSettings = {
				ALWAYS_EMBED_SWIFT_STANDARD_LIBRARIES = YES;
				CODE_SIGN_STYLE = Automatic;
				CURRENT_PROJECT_VERSION = 1;
				GENERATE_INFOPLIST_FILE = YES;
				MARKETING_VERSION = 1.0;
				PRODUCT_BUNDLE_IDENTIFIER = "quintus.bike-cockpitUITests";
				PRODUCT_NAME = "$(TARGET_NAME)";
				SWIFT_EMIT_LOC_STRINGS = NO;
				SWIFT_VERSION = 5.0;
				TARGETED_DEVICE_FAMILY = "1,2";
				TEST_TARGET_NAME = bike_cockpit;
			};
			name = Release;
		};
/* End XCBuildConfiguration section */

/* Begin XCConfigurationList section */
		A282928C2C9606950053E0C3 /* Build configuration list for PBXProject "bike_cockpit" */ = {
			isa = XCConfigurationList;
			buildConfigurations = (
				A28292B32C9606960053E0C3 /* Debug */,
				A28292B42C9606960053E0C3 /* Release */,
			);
			defaultConfigurationIsVisible = 0;
			defaultConfigurationName = Release;
		};
		A28292B52C9606960053E0C3 /* Build configuration list for PBXNativeTarget "bike_cockpit" */ = {
			isa = XCConfigurationList;
			buildConfigurations = (
				A28292B62C9606960053E0C3 /* Debug */,
				A28292B72C9606960053E0C3 /* Release */,
			);
			defaultConfigurationIsVisible = 0;
			defaultConfigurationName = Release;
		};
		A28292B82C9606960053E0C3 /* Build configuration list for PBXNativeTarget "bike_cockpitTests" */ = {
			isa = XCConfigurationList;
			buildConfigurations = (
				A28292B92C9606960053E0C3 /* Debug */,
				A28292BA2C9606960053E0C3 /* Release */,
			);
			defaultConfigurationIsVisible = 0;
			defaultConfigurationName = Release;
		};
		A28292BB2C9606960053E0C3 /* Build configuration list for PBXNativeTarget "bike_cockpitUITests" */ = {
			isa = XCConfigurationList;
			buildConfigurations = (
				A28292BC2C9606960053E0C3 /* Debug */,
				A28292BD2C9606960053E0C3 /* Release */,
			);
			defaultConfigurationIsVisible = 0;
			defaultConfigurationName = Release;
		};
/* End XCConfigurationList section */
	};
	rootObject = A28292892C9606950053E0C3 /* Project object */;
}
